
Microsoft Visual Studio Solution File, Format Version 12.00
# Visual Studio 2012
Project("{FAE04EC0-301F-11D3-BF4B-00C04F79EFBC}") = "Haffman", "Haffman.csproj", "{66FB3D66-B091-4512-AF82-A9C3E6D4A998}"
EndProject
Global
	GlobalSection(SolutionConfigurationPlatforms) = preSolution
		Debug|Any CPU = Debug|Any CPU
		Release|Any CPU = Release|Any CPU
	EndGlobalSection
	GlobalSection(ProjectConfigurationPlatforms) = postSolution
		{66FB3D66-B091-4512-AF82-A9C3E6D4A998}.Debug|Any CPU.ActiveCfg = Debug|Any CPU
		{66FB3D66-B091-4512-AF82-A9C3E6D4A998}.Debug|Any CPU.Build.0 = Debug|Any CPU
		{66FB3D66-B091-4512-AF82-A9C3E6D4A998}.Release|Any CPU.ActiveCfg = Release|Any CPU
		{66FB3D66-B091-4512-AF82-A9C3E6D4A998}.Release|Any CPU.Build.0 = Release|Any CPU
	EndGlobalSection
EndGlobal
